
Microsoft Visual Studio Solution File, Format Version 12.00
# Visual Studio Version 16
VisualStudioVersion = 16.0.30907.101
MinimumVisualStudioVersion = 10.0.40219.1
Project("{9A19103F-16F7-4668-BE54-9A1E7A4F7556}") = "ByLearningNLog", "src\ByLearningNLog\ByLearningNLog.csproj", "{EFD86459-DF9C-4038-A8B7-CFD90235FD2F}"
EndProject
Project("{9A19103F-16F7-4668-BE54-9A1E7A4F7556}") = "ByLearningSerilog", "src\ByLearningSerilog\ByLearningSerilog.csproj", "{C977796A-C6E8-41ED-B794-91484D7E35B2}"
EndProject
Project("{9A19103F-16F7-4668-BE54-9A1E7A4F7556}") = "ByLearningLogger.Util", "src\ByLearningLogger.Util\ByLearningLogger.Util.csproj", "{582B68A7-9FAD-4CBB-A3D7-F8E9881D45BA}"
EndProject
Global
	GlobalSection(SolutionConfigurationPlatforms) = preSolution
		Debug|Any CPU = Debug|Any CPU
		Release|Any CPU = Release|Any CPU
	EndGlobalSection
	GlobalSection(ProjectConfigurationPlatforms) = postSolution
		{EFD86459-DF9C-4038-A8B7-CFD90235FD2F}.Debug|Any CPU.ActiveCfg = Debug|Any CPU
		{EFD86459-DF9C-4038-A8B7-CFD90235FD2F}.Debug|Any CPU.Build.0 = Debug|Any CPU
		{EFD86459-DF9C-4038-A8B7-CFD90235FD2F}.Release|Any CPU.ActiveCfg = Release|Any CPU
		{EFD86459-DF9C-4038-A8B7-CFD90235FD2F}.Release|Any CPU.Build.0 = Release|Any CPU
		{C977796A-C6E8-41ED-B794-91484D7E35B2}.Debug|Any CPU.ActiveCfg = Debug|Any CPU
		{C977796A-C6E8-41ED-B794-91484D7E35B2}.Debug|Any CPU.Build.0 = Debug|Any CPU
		{C977796A-C6E8-41ED-B794-91484D7E35B2}.Release|Any CPU.ActiveCfg = Release|Any CPU
		{C977796A-C6E8-41ED-B794-91484D7E35B2}.Release|Any CPU.Build.0 = Release|Any CPU
		{582B68A7-9FAD-4CBB-A3D7-F8E9881D45BA}.Debug|Any CPU.ActiveCfg = Debug|Any CPU
		{582B68A7-9FAD-4CBB-A3D7-F8E9881D45BA}.Debug|Any CPU.Build.0 = Debug|Any CPU
		{582B68A7-9FAD-4CBB-A3D7-F8E9881D45BA}.Release|Any CPU.ActiveCfg = Release|Any CPU
		{582B68A7-9FAD-4CBB-A3D7-F8E9881D45BA}.Release|Any CPU.Build.0 = Release|Any CPU
	EndGlobalSection
	GlobalSection(SolutionProperties) = preSolution
		HideSolutionNode = FALSE
	EndGlobalSection
	GlobalSection(ExtensibilityGlobals) = postSolution
		SolutionGuid = {7B689141-88D8-4B03-9093-02FCD315F65B}
	EndGlobalSection
EndGlobal
