
Microsoft Visual Studio Solution File, Format Version 12.00
# Visual Studio Version 16
VisualStudioVersion = 16.0.30907.101
MinimumVisualStudioVersion = 10.0.40219.1
Project("{9A19103F-16F7-4668-BE54-9A1E7A4F7556}") = "ByLearning.SignalR.Client", "src\ByLearning.SignalR.Client\ByLearning.SignalR.Client.csproj", "{60904EB8-AA3F-4DD2-8174-E9F615D2B5F5}"
EndProject
Project("{9A19103F-16F7-4668-BE54-9A1E7A4F7556}") = "ByLerning.SignalR", "src\ByLearning.SignalR\ByLerning.SignalR.csproj", "{11AF39CB-10A0-4406-9D65-932A6CB8F355}"
EndProject
Project("{FAE04EC0-301F-11D3-BF4B-00C04F79EFBC}") = "Microsoft.AspNetCore.Authentication.SelfCertificate", "src\ByLearning.SignalR.SelfCertificateAuthentication\Microsoft.AspNetCore.Authentication.SelfCertificate.csproj", "{B95449D9-978D-439C-8DE1-018622CD1D63}"
EndProject
Global
	GlobalSection(SolutionConfigurationPlatforms) = preSolution
		Debug|Any CPU = Debug|Any CPU
		Release|Any CPU = Release|Any CPU
	EndGlobalSection
	GlobalSection(ProjectConfigurationPlatforms) = postSolution
		{60904EB8-AA3F-4DD2-8174-E9F615D2B5F5}.Debug|Any CPU.ActiveCfg = Debug|Any CPU
		{60904EB8-AA3F-4DD2-8174-E9F615D2B5F5}.Debug|Any CPU.Build.0 = Debug|Any CPU
		{60904EB8-AA3F-4DD2-8174-E9F615D2B5F5}.Release|Any CPU.ActiveCfg = Release|Any CPU
		{60904EB8-AA3F-4DD2-8174-E9F615D2B5F5}.Release|Any CPU.Build.0 = Release|Any CPU
		{11AF39CB-10A0-4406-9D65-932A6CB8F355}.Debug|Any CPU.ActiveCfg = Debug|Any CPU
		{11AF39CB-10A0-4406-9D65-932A6CB8F355}.Debug|Any CPU.Build.0 = Debug|Any CPU
		{11AF39CB-10A0-4406-9D65-932A6CB8F355}.Release|Any CPU.ActiveCfg = Release|Any CPU
		{11AF39CB-10A0-4406-9D65-932A6CB8F355}.Release|Any CPU.Build.0 = Release|Any CPU
		{B95449D9-978D-439C-8DE1-018622CD1D63}.Debug|Any CPU.ActiveCfg = Debug|Any CPU
		{B95449D9-978D-439C-8DE1-018622CD1D63}.Debug|Any CPU.Build.0 = Debug|Any CPU
		{B95449D9-978D-439C-8DE1-018622CD1D63}.Release|Any CPU.ActiveCfg = Release|Any CPU
		{B95449D9-978D-439C-8DE1-018622CD1D63}.Release|Any CPU.Build.0 = Release|Any CPU
	EndGlobalSection
	GlobalSection(SolutionProperties) = preSolution
		HideSolutionNode = FALSE
	EndGlobalSection
	GlobalSection(ExtensibilityGlobals) = postSolution
		SolutionGuid = {7B689141-88D8-4B03-9093-02FCD315F65B}
	EndGlobalSection
EndGlobal
